
Microsoft Visual Studio Solution File, Format Version 12.00
# Visual Studio Version 17
VisualStudioVersion = 17.5.2.0
MinimumVisualStudioVersion = 10.0.40219.1
Project("{FAE04EC0-301F-11D3-BF4B-00C04F79EFBC}") = "R2K.Backend.Tests", "R2K.Backend.Tests\R2K.Backend.Tests.csproj", "{E21E3DB2-9FDA-8074-26DA-F100D40459A2}"
EndProject
Project("{FAE04EC0-301F-11D3-BF4B-00C04F79EFBC}") = "R2K.CLI", "R2K.CLI\R2K.CLI.csproj", "{A9AF5ABC-DE1D-3D76-BCF3-9A0846608304}"
EndProject
Project("{FAE04EC0-301F-11D3-BF4B-00C04F79EFBC}") = "R2K.Backend", "R2K.Backend\R2K.Backend.csproj", "{5FAABB17-61DD-26BA-2787-377F3B707D70}"
EndProject
Project("{2150E333-8FDC-42A3-9474-1A3956D46DE8}") = "R2K.Backend (1)", "R2K.Backend (1)", "{0254CF32-5FAA-54A8-3B2D-6030E6AFDE5B}"
EndProject
Project("{2150E333-8FDC-42A3-9474-1A3956D46DE8}") = "obj", "obj", "{617E4983-9857-0F6D-2F59-4E5EB7EAF64C}"
EndProject
Project("{2150E333-8FDC-42A3-9474-1A3956D46DE8}") = "Release", "Release", "{DF599DD3-66A8-42D1-CE3D-2A28ED5E5097}"
EndProject
Project("{2150E333-8FDC-42A3-9474-1A3956D46DE8}") = "net8.0", "net8.0", "{85ED109F-6AF8-2E05-0911-8C9B4F651DA9}"
EndProject
Project("{FAE04EC0-301F-11D3-BF4B-00C04F79EFBC}") = "WorkerExtensions", "R2K.Backend\obj\Release\net8.0\WorkerExtensions\WorkerExtensions.csproj", "{7E817390-7516-5193-F769-03E26628C734}"
EndProject
Project("{FAE04EC0-301F-11D3-BF4B-00C04F79EFBC}") = "R2K.DbProbe", "R2K.DbProbe\R2K.DbProbe.csproj", "{5D7ACC49-8E44-4FFC-8A87-1C2F892C581C}"
EndProject
Global
	GlobalSection(SolutionConfigurationPlatforms) = preSolution
		Debug|Any CPU = Debug|Any CPU
		Debug|x64 = Debug|x64
		Debug|x86 = Debug|x86
		Release|Any CPU = Release|Any CPU
		Release|x64 = Release|x64
		Release|x86 = Release|x86
	EndGlobalSection
	GlobalSection(ProjectConfigurationPlatforms) = postSolution
		{E21E3DB2-9FDA-8074-26DA-F100D40459A2}.Debug|Any CPU.ActiveCfg = Debug|Any CPU
		{E21E3DB2-9FDA-8074-26DA-F100D40459A2}.Debug|Any CPU.Build.0 = Debug|Any CPU
		{E21E3DB2-9FDA-8074-26DA-F100D40459A2}.Debug|x64.ActiveCfg = Debug|Any CPU
		{E21E3DB2-9FDA-8074-26DA-F100D40459A2}.Debug|x64.Build.0 = Debug|Any CPU
		{E21E3DB2-9FDA-8074-26DA-F100D40459A2}.Debug|x86.ActiveCfg = Debug|Any CPU
		{E21E3DB2-9FDA-8074-26DA-F100D40459A2}.Debug|x86.Build.0 = Debug|Any CPU
		{E21E3DB2-9FDA-8074-26DA-F100D40459A2}.Release|Any CPU.ActiveCfg = Release|Any CPU
		{E21E3DB2-9FDA-8074-26DA-F100D40459A2}.Release|Any CPU.Build.0 = Release|Any CPU
		{E21E3DB2-9FDA-8074-26DA-F100D40459A2}.Release|x64.ActiveCfg = Release|Any CPU
		{E21E3DB2-9FDA-8074-26DA-F100D40459A2}.Release|x64.Build.0 = Release|Any CPU
		{E21E3DB2-9FDA-8074-26DA-F100D40459A2}.Release|x86.ActiveCfg = Release|Any CPU
		{E21E3DB2-9FDA-8074-26DA-F100D40459A2}.Release|x86.Build.0 = Release|Any CPU
		{A9AF5ABC-DE1D-3D76-BCF3-9A0846608304}.Debug|Any CPU.ActiveCfg = Debug|Any CPU
		{A9AF5ABC-DE1D-3D76-BCF3-9A0846608304}.Debug|Any CPU.Build.0 = Debug|Any CPU
		{A9AF5ABC-DE1D-3D76-BCF3-9A0846608304}.Debug|x64.ActiveCfg = Debug|Any CPU
		{A9AF5ABC-DE1D-3D76-BCF3-9A0846608304}.Debug|x64.Build.0 = Debug|Any CPU
		{A9AF5ABC-DE1D-3D76-BCF3-9A0846608304}.Debug|x86.ActiveCfg = Debug|Any CPU
		{A9AF5ABC-DE1D-3D76-BCF3-9A0846608304}.Debug|x86.Build.0 = Debug|Any CPU
		{A9AF5ABC-DE1D-3D76-BCF3-9A0846608304}.Release|Any CPU.ActiveCfg = Release|Any CPU
		{A9AF5ABC-DE1D-3D76-BCF3-9A0846608304}.Release|Any CPU.Build.0 = Release|Any CPU
		{A9AF5ABC-DE1D-3D76-BCF3-9A0846608304}.Release|x64.ActiveCfg = Release|Any CPU
		{A9AF5ABC-DE1D-3D76-BCF3-9A0846608304}.Release|x64.Build.0 = Release|Any CPU
		{A9AF5ABC-DE1D-3D76-BCF3-9A0846608304}.Release|x86.ActiveCfg = Release|Any CPU
		{A9AF5ABC-DE1D-3D76-BCF3-9A0846608304}.Release|x86.Build.0 = Release|Any CPU
		{5FAABB17-61DD-26BA-2787-377F3B707D70}.Debug|Any CPU.ActiveCfg = Debug|Any CPU
		{5FAABB17-61DD-26BA-2787-377F3B707D70}.Debug|Any CPU.Build.0 = Debug|Any CPU
		{5FAABB17-61DD-26BA-2787-377F3B707D70}.Debug|x64.ActiveCfg = Debug|Any CPU
		{5FAABB17-61DD-26BA-2787-377F3B707D70}.Debug|x64.Build.0 = Debug|Any CPU
		{5FAABB17-61DD-26BA-2787-377F3B707D70}.Debug|x86.ActiveCfg = Debug|Any CPU
		{5FAABB17-61DD-26BA-2787-377F3B707D70}.Debug|x86.Build.0 = Debug|Any CPU
		{5FAABB17-61DD-26BA-2787-377F3B707D70}.Release|Any CPU.ActiveCfg = Release|Any CPU
		{5FAABB17-61DD-26BA-2787-377F3B707D70}.Release|Any CPU.Build.0 = Release|Any CPU
		{5FAABB17-61DD-26BA-2787-377F3B707D70}.Release|x64.ActiveCfg = Release|Any CPU
		{5FAABB17-61DD-26BA-2787-377F3B707D70}.Release|x64.Build.0 = Release|Any CPU
		{5FAABB17-61DD-26BA-2787-377F3B707D70}.Release|x86.ActiveCfg = Release|Any CPU
		{5FAABB17-61DD-26BA-2787-377F3B707D70}.Release|x86.Build.0 = Release|Any CPU
		{7E817390-7516-5193-F769-03E26628C734}.Debug|Any CPU.ActiveCfg = Debug|Any CPU
		{7E817390-7516-5193-F769-03E26628C734}.Debug|Any CPU.Build.0 = Debug|Any CPU
		{7E817390-7516-5193-F769-03E26628C734}.Debug|x64.ActiveCfg = Debug|Any CPU
		{7E817390-7516-5193-F769-03E26628C734}.Debug|x64.Build.0 = Debug|Any CPU
		{7E817390-7516-5193-F769-03E26628C734}.Debug|x86.ActiveCfg = Debug|Any CPU
		{7E817390-7516-5193-F769-03E26628C734}.Debug|x86.Build.0 = Debug|Any CPU
		{7E817390-7516-5193-F769-03E26628C734}.Release|Any CPU.ActiveCfg = Release|Any CPU
		{7E817390-7516-5193-F769-03E26628C734}.Release|Any CPU.Build.0 = Release|Any CPU
		{7E817390-7516-5193-F769-03E26628C734}.Release|x64.ActiveCfg = Release|Any CPU
		{7E817390-7516-5193-F769-03E26628C734}.Release|x64.Build.0 = Release|Any CPU
		{7E817390-7516-5193-F769-03E26628C734}.Release|x86.ActiveCfg = Release|Any CPU
		{7E817390-7516-5193-F769-03E26628C734}.Release|x86.Build.0 = Release|Any CPU
		{5D7ACC49-8E44-4FFC-8A87-1C2F892C581C}.Debug|Any CPU.ActiveCfg = Debug|Any CPU
		{5D7ACC49-8E44-4FFC-8A87-1C2F892C581C}.Debug|Any CPU.Build.0 = Debug|Any CPU
		{5D7ACC49-8E44-4FFC-8A87-1C2F892C581C}.Debug|x64.ActiveCfg = Debug|Any CPU
		{5D7ACC49-8E44-4FFC-8A87-1C2F892C581C}.Debug|x64.Build.0 = Debug|Any CPU
		{5D7ACC49-8E44-4FFC-8A87-1C2F892C581C}.Debug|x86.ActiveCfg = Debug|Any CPU
		{5D7ACC49-8E44-4FFC-8A87-1C2F892C581C}.Debug|x86.Build.0 = Debug|Any CPU
		{5D7ACC49-8E44-4FFC-8A87-1C2F892C581C}.Release|Any CPU.ActiveCfg = Release|Any CPU
		{5D7ACC49-8E44-4FFC-8A87-1C2F892C581C}.Release|Any CPU.Build.0 = Release|Any CPU
		{5D7ACC49-8E44-4FFC-8A87-1C2F892C581C}.Release|x64.ActiveCfg = Release|Any CPU
		{5D7ACC49-8E44-4FFC-8A87-1C2F892C581C}.Release|x64.Build.0 = Release|Any CPU
		{5D7ACC49-8E44-4FFC-8A87-1C2F892C581C}.Release|x86.ActiveCfg = Release|Any CPU
		{5D7ACC49-8E44-4FFC-8A87-1C2F892C581C}.Release|x86.Build.0 = Release|Any CPU
	EndGlobalSection
	GlobalSection(SolutionProperties) = preSolution
		HideSolutionNode = FALSE
	EndGlobalSection
	GlobalSection(NestedProjects) = preSolution
		{617E4983-9857-0F6D-2F59-4E5EB7EAF64C} = {0254CF32-5FAA-54A8-3B2D-6030E6AFDE5B}
		{DF599DD3-66A8-42D1-CE3D-2A28ED5E5097} = {617E4983-9857-0F6D-2F59-4E5EB7EAF64C}
		{85ED109F-6AF8-2E05-0911-8C9B4F651DA9} = {DF599DD3-66A8-42D1-CE3D-2A28ED5E5097}
		{7E817390-7516-5193-F769-03E26628C734} = {85ED109F-6AF8-2E05-0911-8C9B4F651DA9}
	EndGlobalSection
	GlobalSection(ExtensibilityGlobals) = postSolution
		SolutionGuid = {1DE2F27A-64DF-4A0C-9347-5E302BC5D202}
	EndGlobalSection
EndGlobal
